{
  "requires": true,
  "lockfileVersion": 1,
  "dependencies": {
    "@angular/google-maps": {
      "version": "12.1.1",
      "resolved": "https://registry.npmjs.org/@angular/google-maps/-/google-maps-12.1.1.tgz",
      "integrity": "sha512-ZUO0yxu8+edHM4MrucK5EpqYE5pH4JkDZPF7DVsjlV1pN0ndKVFTbOuzjVDYsRO5VMhSMfhZF5pxAYkdj1DIkw==",
      "requires": {
        "@types/googlemaps": "^3.43.1",
        "tslib": "^2.2.0"
      }
    },
    "@types/googlemaps": {
      "version": "3.43.3",
      "resolved": "https://registry.npmjs.org/@types/googlemaps/-/googlemaps-3.43.3.tgz",
      "integrity": "sha512-ZWNoz/O8MPEpiajvj7QiqCY8tTLFNqNZ/a+s+zTV58wFVNAvvqV4bdGfnsjTb5Cs4V6wEsLrX8XRhmnyYJ2Tdg=="
    },
    "tslib": {
      "version": "2.3.0",
      "resolved": "https://registry.npmjs.org/tslib/-/tslib-2.3.0.tgz",
      "integrity": "sha512-N82ooyxVNm6h1riLCoyS9e3fuJ3AMG2zIZs2Gd1ATcSFjSA23Q0fzjjZeh0jbJvWVDZ0cJT8yaNNaaXHzueNjg=="
    }
  }
}
