{
  "requires": true,
  "lockfileVersion": 1,
  "dependencies": {
    "ngx-pagination": {
      "version": "5.1.1",
      "resolved": "https://registry.npmjs.org/ngx-pagination/-/ngx-pagination-5.1.1.tgz",
      "integrity": "sha512-KxHES+Dn6pbetytO9ng2GAdclmo4UcwzFmQyVPWh2xRPbAlv5/ezL2xnDVBFMqCoJQaZagvdQ+ZZFbqGWqAvCQ=="
    },
    "primeng": {
      "version": "12.0.0",
      "resolved": "https://registry.npmjs.org/primeng/-/primeng-12.0.0.tgz",
      "integrity": "sha512-t+kaBKXyeYObbYBe4V+59unfkJrpp6dTYnFP351VBxGRD0bQZd2xITrfoGPoGElxTKEUSfnrCpsFWRL6d3Wmfg==",
      "requires": {
        "tslib": "^2.1.0"
      }
    },
    "tslib": {
      "version": "2.3.0",
      "resolved": "https://registry.npmjs.org/tslib/-/tslib-2.3.0.tgz",
      "integrity": "sha512-N82ooyxVNm6h1riLCoyS9e3fuJ3AMG2zIZs2Gd1ATcSFjSA23Q0fzjjZeh0jbJvWVDZ0cJT8yaNNaaXHzueNjg=="
    }
  }
}
